
Microsoft Visual Studio Solution File, Format Version 12.00
# Visual Studio Version 16
VisualStudioVersion = 25.0.1705.4
MinimumVisualStudioVersion = 10.0.40219.1
Project("{FAE04EC0-301F-11D3-BF4B-00C04F79EFBC}") = "testProjectLogin", "testProjectLogin\testProjectLogin.csproj", "{DA07ACB6-B852-4A69-A48B-A40A1975A805}"
EndProject
Project("{2150E333-8FDC-42A3-9474-1A3956D46DE8}") = "Solution Item", "Solution Item", "{6271B2B6-13B0-4E91-A18F-ECDB90863FE8}"
EndProject
Global
	GlobalSection(SolutionConfigurationPlatforms) = preSolution
		Debug|Any CPU = Debug|Any CPU
		Release|Any CPU = Release|Any CPU
	EndGlobalSection
	GlobalSection(ProjectConfigurationPlatforms) = postSolution
		{DA07ACB6-B852-4A69-A48B-A40A1975A805}.Debug|Any CPU.ActiveCfg = Debug|Any CPU
		{DA07ACB6-B852-4A69-A48B-A40A1975A805}.Debug|Any CPU.Build.0 = Debug|Any CPU
		{DA07ACB6-B852-4A69-A48B-A40A1975A805}.Release|Any CPU.ActiveCfg = Release|Any CPU
		{DA07ACB6-B852-4A69-A48B-A40A1975A805}.Release|Any CPU.Build.0 = Release|Any CPU
	EndGlobalSection
	GlobalSection(SolutionProperties) = preSolution
		HideSolutionNode = FALSE
	EndGlobalSection
	GlobalSection(ExtensibilityGlobals) = postSolution
		SolutionGuid = {503179BA-35C6-4C43-9141-E1FFF94901AD}
	EndGlobalSection
EndGlobal
